
Microsoft Visual Studio Solution File, Format Version 12.00
# Visual Studio Version 17
VisualStudioVersion = 17.3.32922.545
MinimumVisualStudioVersion = 10.0.40219.1
Project("{FAE04EC0-301F-11D3-BF4B-00C04F79EFBC}") = "OKR_2022_FALL", "OKR_2022_FALL\OKR_2022_FALL.csproj", "{0A37098E-51CE-4281-8A50-19AD5080330A}"
EndProject
Global
	GlobalSection(SolutionConfigurationPlatforms) = preSolution
		Debug|Any CPU = Debug|Any CPU
		Release|Any CPU = Release|Any CPU
	EndGlobalSection
	GlobalSection(ProjectConfigurationPlatforms) = postSolution
		{0A37098E-51CE-4281-8A50-19AD5080330A}.Debug|Any CPU.ActiveCfg = Debug|Any CPU
		{0A37098E-51CE-4281-8A50-19AD5080330A}.Debug|Any CPU.Build.0 = Debug|Any CPU
		{0A37098E-51CE-4281-8A50-19AD5080330A}.Release|Any CPU.ActiveCfg = Release|Any CPU
		{0A37098E-51CE-4281-8A50-19AD5080330A}.Release|Any CPU.Build.0 = Release|Any CPU
	EndGlobalSection
	GlobalSection(SolutionProperties) = preSolution
		HideSolutionNode = FALSE
	EndGlobalSection
	GlobalSection(ExtensibilityGlobals) = postSolution
		SolutionGuid = {FA2F6DE7-7AB2-47E1-90D9-B11713980522}
	EndGlobalSection
EndGlobal
